
Microsoft Visual Studio Solution File, Format Version 12.00
# Visual Studio Version 17
VisualStudioVersion = 17.1.32210.238
MinimumVisualStudioVersion = 10.0.40219.1
Project("{F184B08F-C81C-45F6-A57F-5ABD9991F28F}") = "Argoniano", "Argoniano.vbproj", "{9AC65BCF-9AD5-4CD8-8F16-6BD87C7DC7A3}"
EndProject
Global
	GlobalSection(SolutionConfigurationPlatforms) = preSolution
		Debug|Any CPU = Debug|Any CPU
		Release|Any CPU = Release|Any CPU
	EndGlobalSection
	GlobalSection(ProjectConfigurationPlatforms) = postSolution
		{9AC65BCF-9AD5-4CD8-8F16-6BD87C7DC7A3}.Debug|Any CPU.ActiveCfg = Debug|Any CPU
		{9AC65BCF-9AD5-4CD8-8F16-6BD87C7DC7A3}.Debug|Any CPU.Build.0 = Debug|Any CPU
		{9AC65BCF-9AD5-4CD8-8F16-6BD87C7DC7A3}.Release|Any CPU.ActiveCfg = Release|Any CPU
		{9AC65BCF-9AD5-4CD8-8F16-6BD87C7DC7A3}.Release|Any CPU.Build.0 = Release|Any CPU
	EndGlobalSection
	GlobalSection(SolutionProperties) = preSolution
		HideSolutionNode = FALSE
	EndGlobalSection
	GlobalSection(ExtensibilityGlobals) = postSolution
		SolutionGuid = {C186E6C5-DC6A-4CE3-85A5-66548AE44326}
	EndGlobalSection
EndGlobal
